
Microsoft Visual Studio Solution File, Format Version 12.00
# Visual Studio Version 16
VisualStudioVersion = 16.0.30204.135
MinimumVisualStudioVersion = 10.0.40219.1
Project("{FAE04EC0-301F-11D3-BF4B-00C04F79EFBC}") = "Pro_0_Mylife", "Pro_0_Mylife\Pro_0_Mylife.csproj", "{E56E0C36-A41D-436A-92C1-35F7B184B454}"
EndProject
Global
	GlobalSection(SolutionConfigurationPlatforms) = preSolution
		Debug|Any CPU = Debug|Any CPU
		Debug|x64 = Debug|x64
		Release|Any CPU = Release|Any CPU
		Release|x64 = Release|x64
	EndGlobalSection
	GlobalSection(ProjectConfigurationPlatforms) = postSolution
		{E56E0C36-A41D-436A-92C1-35F7B184B454}.Debug|Any CPU.ActiveCfg = Debug|Any CPU
		{E56E0C36-A41D-436A-92C1-35F7B184B454}.Debug|Any CPU.Build.0 = Debug|Any CPU
		{E56E0C36-A41D-436A-92C1-35F7B184B454}.Debug|x64.ActiveCfg = Debug|x64
		{E56E0C36-A41D-436A-92C1-35F7B184B454}.Debug|x64.Build.0 = Debug|x64
		{E56E0C36-A41D-436A-92C1-35F7B184B454}.Release|Any CPU.ActiveCfg = Release|Any CPU
		{E56E0C36-A41D-436A-92C1-35F7B184B454}.Release|Any CPU.Build.0 = Release|Any CPU
		{E56E0C36-A41D-436A-92C1-35F7B184B454}.Release|x64.ActiveCfg = Release|x64
		{E56E0C36-A41D-436A-92C1-35F7B184B454}.Release|x64.Build.0 = Release|x64
	EndGlobalSection
	GlobalSection(SolutionProperties) = preSolution
		HideSolutionNode = FALSE
	EndGlobalSection
	GlobalSection(ExtensibilityGlobals) = postSolution
		SolutionGuid = {D981EC8A-C903-46E6-9E2D-B824A52BE210}
	EndGlobalSection
EndGlobal
